{
  "nodes": {
    "doomemacs": {
      "flake": false,
      "locked": {
        "lastModified": 1727936788,
        "narHash": "sha256-bIXSqOlmJL/PZUou2dx7Lj2wDkF98V9XiVsP1ffnbaw=",
        "owner": "doomemacs",
        "repo": "doomemacs",
        "rev": "8b9168de6e6a9cabf13d1c92558e2ef71aa37a72",
        "type": "github"
      },
      "original": {
        "owner": "doomemacs",
        "repo": "doomemacs",
        "type": "github"
      }
    },
    "emacs-overlay": {
      "inputs": {
        "flake-utils": "flake-utils_3",
        "nixpkgs": [
          "ndeu"
        ],
        "nixpkgs-stable": [
          "ndeu"
        ]
      },
      "locked": {
        "lastModified": 1728548418,
        "narHash": "sha256-/HMh/jp5PgoOq33EDGk81Ww/wAFPIdIDa2b7+PA5aUk=",
        "owner": "nix-community",
        "repo": "emacs-overlay",
        "rev": "976544e11b9f3689f33c0cfd73431fe4bb23abd0",
        "type": "github"
      },
      "original": {
        "owner": "nix-community",
        "repo": "emacs-overlay",
        "type": "github"
      }
    },
    "flake-utils": {
      "inputs": {
        "systems": "systems"
      },
      "locked": {
        "lastModified": 1726560853,
        "narHash": "sha256-X6rJYSESBVr3hBoH0WbKE5KvhPU5bloyZ2L4K60/fPQ=",
        "owner": "numtide",
        "repo": "flake-utils",
        "rev": "c1dfcf08411b08f6b8615f7d8971a2bfa81d5e8a",
        "type": "github"
      },
      "original": {
        "owner": "numtide",
        "repo": "flake-utils",
        "type": "github"
      }
    },
    "flake-utils_2": {
      "inputs": {
        "systems": "systems_2"
      },
      "locked": {
        "lastModified": 1710146030,
        "narHash": "sha256-SZ5L6eA7HJ/nmkzGG7/ISclqe6oZdOZTNoesiInkXPQ=",
        "owner": "numtide",
        "repo": "flake-utils",
        "rev": "b1d9ab70662946ef0850d488da1c9019f3a9752a",
        "type": "github"
      },
      "original": {
        "owner": "numtide",
        "repo": "flake-utils",
        "type": "github"
      }
    },
    "flake-utils_3": {
      "inputs": {
        "systems": "systems_3"
      },
      "locked": {
        "lastModified": 1726560853,
        "narHash": "sha256-X6rJYSESBVr3hBoH0WbKE5KvhPU5bloyZ2L4K60/fPQ=",
        "owner": "numtide",
        "repo": "flake-utils",
        "rev": "c1dfcf08411b08f6b8615f7d8971a2bfa81d5e8a",
        "type": "github"
      },
      "original": {
        "owner": "numtide",
        "repo": "flake-utils",
        "type": "github"
      }
    },
    "flakey-profile": {
      "locked": {
        "lastModified": 1712898590,
        "narHash": "sha256-FhGIEU93VHAChKEXx905TSiPZKga69bWl1VB37FK//I=",
        "owner": "lf-",
        "repo": "flakey-profile",
        "rev": "243c903fd8eadc0f63d205665a92d4df91d42d9d",
        "type": "github"
      },
      "original": {
        "owner": "lf-",
        "repo": "flakey-profile",
        "type": "github"
      }
    },
    "home-manager": {
      "inputs": {
        "nixpkgs": [
          "nixpkgs"
        ]
      },
      "locked": {
        "lastModified": 1728588172,
        "narHash": "sha256-wCLcOMOyiFHa4MfAT1SR8jj47GcmCXiR93kgFs38bVY=",
        "owner": "nix-community",
        "repo": "home-manager",
        "rev": "8bb5d53c5847d9a9b2ad1bda49f9aa9df0de282a",
        "type": "github"
      },
      "original": {
        "owner": "nix-community",
        "repo": "home-manager",
        "type": "github"
      }
    },
    "impermanence": {
      "locked": {
        "lastModified": 1727649413,
        "narHash": "sha256-FA53of86DjFdeQzRDVtvgWF9o52rWK70VHGx0Y8fElQ=",
        "owner": "nix-community",
        "repo": "impermanence",
        "rev": "d0b38e550039a72aff896ee65b0918e975e6d48e",
        "type": "github"
      },
      "original": {
        "owner": "nix-community",
        "repo": "impermanence",
        "type": "github"
      }
    },
    "lix": {
      "flake": false,
      "locked": {
        "lastModified": 1720626042,
        "narHash": "sha256-f8k+BezKdJfmE+k7zgBJiohtS3VkkriycdXYsKOm3sc=",
        "rev": "2a4376be20d70feaa2b0e640c5041fb66ddc67ed",
        "type": "tarball",
        "url": "https://git.lix.systems/api/v1/repos/lix-project/lix/archive/2a4376be20d70feaa2b0e640c5041fb66ddc67ed.tar.gz"
      },
      "original": {
        "type": "tarball",
        "url": "https://git.lix.systems/lix-project/lix/archive/2.90.0.tar.gz"
      }
    },
    "lix-mod": {
      "inputs": {
        "flake-utils": "flake-utils_2",
        "flakey-profile": "flakey-profile",
        "lix": "lix",
        "nixpkgs": [
          "nixpkgs"
        ]
      },
      "locked": {
        "lastModified": 1720641669,
        "narHash": "sha256-yEO2cGNgzm9x/XxiDQI+WckSWnZX63R8aJLBRSXtYNE=",
        "rev": "5c48c833c15bb80d127a398a8c2484d42fdd8257",
        "type": "tarball",
        "url": "https://git.lix.systems/api/v1/repos/lix-project/nixos-module/archive/5c48c833c15bb80d127a398a8c2484d42fdd8257.tar.gz"
      },
      "original": {
        "type": "tarball",
        "url": "https://git.lix.systems/lix-project/nixos-module/archive/2.90.0.tar.gz"
      }
    },
    "mobile-nixos": {
      "flake": false,
      "locked": {
        "lastModified": 1730912712,
        "narHash": "sha256-T5A9I6Tfh9zrv9sRWfu/ZKN6VkE670YQ6bjC5sbpTzk=",
        "owner": "mobile-nixos",
        "repo": "mobile-nixos",
        "rev": "2268e358ed407d9c0a4499ae767d105eeaeec586",
        "type": "github"
      },
      "original": {
        "owner": "mobile-nixos",
        "repo": "mobile-nixos",
        "type": "github"
      }
    },
    "ndeu": {
      "inputs": {
        "doomemacs": "doomemacs",
        "emacs-overlay": "emacs-overlay",
        "nixpkgs": [],
        "systems": "systems_4"
      },
      "locked": {
        "lastModified": 1728549533,
        "narHash": "sha256-xkU5FqFi+60nDFxlZoC778uxJt20rPBh/ymhi46xHsA=",
        "owner": "marienz",
        "repo": "nix-doom-emacs-unstraightened",
        "rev": "f3e2152fecd5c6d8b83dc2f4be0beee00ca9bf6b",
        "type": "github"
      },
      "original": {
        "owner": "marienz",
        "repo": "nix-doom-emacs-unstraightened",
        "type": "github"
      }
    },
    "nixos-hardware": {
      "locked": {
        "lastModified": 1728269138,
        "narHash": "sha256-oKxDImsOvgUZMY4NwXVyUc/c1HiU2qInX+b5BU0yXls=",
        "owner": "nixOS",
        "repo": "nixos-hardware",
        "rev": "ecfcd787f373f43307d764762e139a7cdeb9c22b",
        "type": "github"
      },
      "original": {
        "owner": "nixOS",
        "repo": "nixos-hardware",
        "type": "github"
      }
    },
    "nixpkgs": {
      "locked": {
        "lastModified": 1728492678,
        "narHash": "sha256-9UTxR8eukdg+XZeHgxW5hQA9fIKHsKCdOIUycTryeVw=",
        "owner": "nixOS",
        "repo": "nixpkgs",
        "rev": "5633bcff0c6162b9e4b5f1264264611e950c8ec7",
        "type": "github"
      },
      "original": {
        "owner": "nixOS",
        "ref": "nixos-unstable",
        "repo": "nixpkgs",
        "type": "github"
      }
    },
    "nur": {
      "locked": {
        "lastModified": 1728590067,
        "narHash": "sha256-KjNSsAoXyIDp+DpaASk/RwdODAH8O8hcVNIibXIJFiI=",
        "owner": "nix-community",
        "repo": "NUR",
        "rev": "5ec541fb7b2b8858e8c4c1aa96bfb4bf7f52f83b",
        "type": "github"
      },
      "original": {
        "owner": "nix-community",
        "repo": "NUR",
        "type": "github"
      }
    },
    "root": {
      "inputs": {
        "flake-utils": "flake-utils",
        "home-manager": "home-manager",
        "impermanence": "impermanence",
        "lix-mod": "lix-mod",
        "mobile-nixos": "mobile-nixos",
        "ndeu": "ndeu",
        "nixos-hardware": "nixos-hardware",
        "nixpkgs": "nixpkgs",
        "nur": "nur"
      }
    },
    "systems": {
      "locked": {
        "lastModified": 1681028828,
        "narHash": "sha256-Vy1rq5AaRuLzOxct8nz4T6wlgyUR7zLU309k9mBC768=",
        "owner": "nix-systems",
        "repo": "default",
        "rev": "da67096a3b9bf56a91d16901293e51ba5b49a27e",
        "type": "github"
      },
      "original": {
        "owner": "nix-systems",
        "repo": "default",
        "type": "github"
      }
    },
    "systems_2": {
      "locked": {
        "lastModified": 1681028828,
        "narHash": "sha256-Vy1rq5AaRuLzOxct8nz4T6wlgyUR7zLU309k9mBC768=",
        "owner": "nix-systems",
        "repo": "default",
        "rev": "da67096a3b9bf56a91d16901293e51ba5b49a27e",
        "type": "github"
      },
      "original": {
        "owner": "nix-systems",
        "repo": "default",
        "type": "github"
      }
    },
    "systems_3": {
      "locked": {
        "lastModified": 1681028828,
        "narHash": "sha256-Vy1rq5AaRuLzOxct8nz4T6wlgyUR7zLU309k9mBC768=",
        "owner": "nix-systems",
        "repo": "default",
        "rev": "da67096a3b9bf56a91d16901293e51ba5b49a27e",
        "type": "github"
      },
      "original": {
        "owner": "nix-systems",
        "repo": "default",
        "type": "github"
      }
    },
    "systems_4": {
      "locked": {
        "lastModified": 1681028828,
        "narHash": "sha256-Vy1rq5AaRuLzOxct8nz4T6wlgyUR7zLU309k9mBC768=",
        "owner": "nix-systems",
        "repo": "default",
        "rev": "da67096a3b9bf56a91d16901293e51ba5b49a27e",
        "type": "github"
      },
      "original": {
        "owner": "nix-systems",
        "repo": "default",
        "type": "github"
      }
    }
  },
  "root": "root",
  "version": 7
}
